{
  "nodes": {
    "dependencyDagOfSubmodule": {
      "inputs": {
        "nixpkgs": [
          "nnf",
          "nixpkgs"
        ]
      },
      "locked": {
        "lastModified": 1656615370,
        "narHash": "sha256-IZDqz1aSySoqf1qtVQg+oJMHfC4IlT55Zoa7EkjvPug=",
        "owner": "thelegy",
        "repo": "nix-dependencyDagOfSubmodule",
        "rev": "98eb563d80b35acafbfc1abb9ccee569c1efb19c",
        "type": "github"
      },
      "original": {
        "owner": "thelegy",
        "repo": "nix-dependencyDagOfSubmodule",
        "type": "github"
      }
    },
    "nixos-hardware": {
      "locked": {
        "lastModified": 1708091350,
        "narHash": "sha256-o28BJYi68qqvHipT7V2jkWxDiMS1LF9nxUsou+eFUPQ=",
        "owner": "NixOS",
        "repo": "nixos-hardware",
        "rev": "106d3fec43bcea19cb2e061ca02531d54b542ce3",
        "type": "github"
      },
      "original": {
        "owner": "NixOS",
        "ref": "master",
        "repo": "nixos-hardware",
        "type": "github"
      }
    },
    "nixpkgs": {
      "locked": {
        "lastModified": 1701282334,
        "narHash": "sha256-MxCVrXY6v4QmfTwIysjjaX0XUhqBbxTWWB4HXtDYsdk=",
        "owner": "NixOS",
        "repo": "nixpkgs",
        "rev": "057f9aecfb71c4437d2b27d3323df7f93c010b7e",
        "type": "github"
      },
      "original": {
        "owner": "NixOS",
        "ref": "23.11",
        "repo": "nixpkgs",
        "type": "github"
      }
    },
    "nixpkgs_2": {
      "locked": {
        "lastModified": 1692638711,
        "narHash": "sha256-J0LgSFgJVGCC1+j5R2QndadWI1oumusg6hCtYAzLID4=",
        "owner": "nixos",
        "repo": "nixpkgs",
        "rev": "91a22f76cd1716f9d0149e8a5c68424bb691de15",
        "type": "github"
      },
      "original": {
        "owner": "NixOS",
        "ref": "nixos-unstable",
        "repo": "nixpkgs",
        "type": "github"
      }
    },
    "nixpkgs_3": {
      "locked": {
        "lastModified": 1708247094,
        "narHash": "sha256-H2VS7VwesetGDtIaaz4AMsRkPoSLEVzL/Ika8gnbUnE=",
        "owner": "NixOS",
        "repo": "nixpkgs",
        "rev": "045b51a3ae66f673ed44b5bbd1f4a341d96703bf",
        "type": "github"
      },
      "original": {
        "id": "nixpkgs",
        "type": "indirect"
      }
    },
    "nixpkgs_4": {
      "locked": {
        "lastModified": 1705697961,
        "narHash": "sha256-XepT3WS516evSFYkme3GrcI3+7uwXHqtHbip+t24J7E=",
        "owner": "NixOS",
        "repo": "nixpkgs",
        "rev": "e5d1c87f5813afde2dda384ac807c57a105721cc",
        "type": "github"
      },
      "original": {
        "id": "nixpkgs",
        "type": "indirect"
      }
    },
    "nnf": {
      "inputs": {
        "dependencyDagOfSubmodule": "dependencyDagOfSubmodule",
        "nixpkgs": "nixpkgs_2"
      },
      "locked": {
        "lastModified": 1703279052,
        "narHash": "sha256-0rbG/9SwaWtXT7ZuifMq+7wvfxDpZrjr0zdMcM4KK+E=",
        "owner": "thelegy",
        "repo": "nixos-nftables-firewall",
        "rev": "3bf23aeb346e772d157816e6b72a742a6c97db80",
        "type": "github"
      },
      "original": {
        "owner": "thelegy",
        "repo": "nixos-nftables-firewall",
        "type": "github"
      }
    },
    "private": {
      "inputs": {
        "nixpkgs": "nixpkgs_3"
      },
      "locked": {
        "lastModified": 1702893817,
        "narHash": "sha256-P0K5O+3cokrR9ZW+vtyYML7SiwC5o/LXqwMlbkW6OQk=",
        "path": "/Users/joe/ws/joeprivate",
        "type": "path"
      },
      "original": {
        "id": "joeprivate",
        "type": "indirect"
      }
    },
    "root": {
      "inputs": {
        "nixos-hardware": "nixos-hardware",
        "nixpkgs": "nixpkgs",
        "nnf": "nnf",
        "private": "private",
        "tempmonitor": "tempmonitor"
      }
    },
    "tempmonitor": {
      "inputs": {
        "nixpkgs": "nixpkgs_4"
      },
      "locked": {
        "lastModified": 1706328782,
        "narHash": "sha256-2E0ssibHJ+Nh1Cn2mQkEZd9gDU9Sgjtzh2ZsFiA9Jbo=",
        "path": "/Users/joe/ws/tempmonitor",
        "type": "path"
      },
      "original": {
        "id": "tempmonitor",
        "type": "indirect"
      }
    }
  },
  "root": "root",
  "version": 7
}
