{
  "nodes": {
    "bcm-fw-binary": {
      "flake": false,
      "locked": {
        "lastModified": 1,
        "narHash": "sha256-Mr2BcYbhuAjDWuQcC8jXI/wiqH7PzeHNQUXRS5dHKi8=",
        "path": "proprietary/Broadcom_NX1_Linux_FW_Upgrade_Utility_lnxfwupg-225.0.1.tar.gz",
        "type": "path"
      },
      "original": {
        "path": "proprietary/Broadcom_NX1_Linux_FW_Upgrade_Utility_lnxfwupg-225.0.1.tar.gz",
        "type": "path"
      }
    },
    "joeos": {
      "inputs": {
        "bcm-fw-binary": "bcm-fw-binary"
      },
      "locked": {
        "lastModified": 1687852339,
        "narHash": "sha256-+T2kDes5LFwjqo1dcvEkEwspzAiQNnT9lsFggBAROrI=",
        "path": "/Users/joe/ws/joepkgs/joeos",
        "type": "path"
      },
      "original": {
        "id": "joeos",
        "type": "indirect"
      }
    },
    "nixpkgs": {
      "locked": {
        "lastModified": 1687793116,
        "narHash": "sha256-6xRgZ2E9r/BNam87vMkHJ/0EPTTKzeNwhw3abKilEE4=",
        "owner": "NixOS",
        "repo": "nixpkgs",
        "rev": "9e4e0807d2142d17f463b26a8b796b3fe20a3011",
        "type": "github"
      },
      "original": {
        "id": "nixpkgs",
        "type": "indirect"
      }
    },
    "private": {
      "flake": false,
      "locked": {
        "lastModified": 1,
        "narHash": "sha256-7FaNTUyQsfaRvmsVHjcYXlYI91v+B2XEik6l+m7qYe8=",
        "path": "./private",
        "type": "path"
      },
      "original": {
        "path": "./private",
        "type": "path"
      }
    },
    "root": {
      "inputs": {
        "joeos": "joeos",
        "nixpkgs": "nixpkgs",
        "private": "private"
      }
    }
  },
  "root": "root",
  "version": 7
}
